
Microsoft Visual Studio Solution File, Format Version 12.00
# Visual Studio Version 17
VisualStudioVersion = 17.4.33213.308
MinimumVisualStudioVersion = 10.0.40219.1
Project("{FAE04EC0-301F-11D3-BF4B-00C04F79EFBC}") = "Proyecto1", "Proyecto1.csproj", "{C08C5D95-1DCF-4BBB-B753-453F9212B44C}"
EndProject
Global
	GlobalSection(SolutionConfigurationPlatforms) = preSolution
		Debug|Any CPU = Debug|Any CPU
		Release|Any CPU = Release|Any CPU
	EndGlobalSection
	GlobalSection(ProjectConfigurationPlatforms) = postSolution
		{C08C5D95-1DCF-4BBB-B753-453F9212B44C}.Debug|Any CPU.ActiveCfg = Debug|Any CPU
		{C08C5D95-1DCF-4BBB-B753-453F9212B44C}.Debug|Any CPU.Build.0 = Debug|Any CPU
		{C08C5D95-1DCF-4BBB-B753-453F9212B44C}.Release|Any CPU.ActiveCfg = Release|Any CPU
		{C08C5D95-1DCF-4BBB-B753-453F9212B44C}.Release|Any CPU.Build.0 = Release|Any CPU
	EndGlobalSection
	GlobalSection(SolutionProperties) = preSolution
		HideSolutionNode = FALSE
	EndGlobalSection
	GlobalSection(ExtensibilityGlobals) = postSolution
		SolutionGuid = {F0F453AC-7AC4-4EEF-889B-AB538B004E94}
	EndGlobalSection
EndGlobal
